
Microsoft Visual Studio Solution File, Format Version 12.00
# Visual Studio 14
VisualStudioVersion = 14.0.24720.0
MinimumVisualStudioVersion = 10.0.40219.1
Project("{FAE04EC0-301F-11D3-BF4B-00C04F79EFBC}") = "RemoveTilesetDuplicates", "RemoveTilesetDuplicates\RemoveTilesetDuplicates.csproj", "{9011AA8F-BB10-4D16-9CC0-8159B93EBF50}"
EndProject
Global
	GlobalSection(SolutionConfigurationPlatforms) = preSolution
		Debug|Any CPU = Debug|Any CPU
		Release|Any CPU = Release|Any CPU
	EndGlobalSection
	GlobalSection(ProjectConfigurationPlatforms) = postSolution
		{9011AA8F-BB10-4D16-9CC0-8159B93EBF50}.Debug|Any CPU.ActiveCfg = Debug|Any CPU
		{9011AA8F-BB10-4D16-9CC0-8159B93EBF50}.Debug|Any CPU.Build.0 = Debug|Any CPU
		{9011AA8F-BB10-4D16-9CC0-8159B93EBF50}.Release|Any CPU.ActiveCfg = Release|Any CPU
		{9011AA8F-BB10-4D16-9CC0-8159B93EBF50}.Release|Any CPU.Build.0 = Release|Any CPU
	EndGlobalSection
	GlobalSection(SolutionProperties) = preSolution
		HideSolutionNode = FALSE
	EndGlobalSection
EndGlobal
